
Microsoft Visual Studio Solution File, Format Version 12.00
# Visual Studio Version 17
VisualStudioVersion = 17.14.36717.8 d17.14
MinimumVisualStudioVersion = 10.0.40219.1
Project("{FAE04EC0-301F-11D3-BF4B-00C04F79EFBC}") = "Cross-Platform-Project", "Cross-Platform-Project\Cross-Platform-Project.csproj", "{20C92194-DF57-42D7-A0A2-F001FFD93AEE}"
EndProject
Global
	GlobalSection(SolutionConfigurationPlatforms) = preSolution
		Debug|Any CPU = Debug|Any CPU
		Release|Any CPU = Release|Any CPU
	EndGlobalSection
	GlobalSection(ProjectConfigurationPlatforms) = postSolution
		{20C92194-DF57-42D7-A0A2-F001FFD93AEE}.Debug|Any CPU.ActiveCfg = Debug|Any CPU
		{20C92194-DF57-42D7-A0A2-F001FFD93AEE}.Debug|Any CPU.Build.0 = Debug|Any CPU
		{20C92194-DF57-42D7-A0A2-F001FFD93AEE}.Release|Any CPU.ActiveCfg = Release|Any CPU
		{20C92194-DF57-42D7-A0A2-F001FFD93AEE}.Release|Any CPU.Build.0 = Release|Any CPU
	EndGlobalSection
	GlobalSection(SolutionProperties) = preSolution
		HideSolutionNode = FALSE
	EndGlobalSection
	GlobalSection(ExtensibilityGlobals) = postSolution
		SolutionGuid = {ACC68501-32A2-449A-BB50-A418760B99BE}
	EndGlobalSection
EndGlobal
